// !$*UTF8*$!
{
	archiveVersion = 1;
	classes = {
	};
	objectVersion = 46;
	objects = {

/* Begin PBXBuildFile section */
		492069CA1F599DE3002CECC3 /* AppDelegate.swift in Sources */ = {isa = PBXBuildFile; fileRef = 492069C91F599DE3002CECC3 /* AppDelegate.swift */; };
		492069CC1F599DE3002CECC3 /* ViewController.swift in Sources */ = {isa = PBXBuildFile; fileRef = 492069CB1F599DE3002CECC3 /* ViewController.swift */; };
		492069CF1F599DE3002CECC3 /* Main.storyboard in Resources */ = {isa = PBXBuildFile; fileRef = 492069CD1F599DE3002CECC3 /* Main.storyboard */; };
		492069D21F599DE3002CECC3 /* PramCoreData.xcdatamodeld in Sources */ = {isa = PBXBuildFile; fileRef = 492069D01F599DE3002CECC3 /* PramCoreData.xcdatamodeld */; };
		492069D41F599DE3002CECC3 /* Assets.xcassets in Resources */ = {isa = PBXBuildFile; fileRef = 492069D31F599DE3002CECC3 /* Assets.xcassets */; };
		492069D71F599DE3002CECC3 /* LaunchScreen.storyboard in Resources */ = {isa = PBXBuildFile; fileRef = 492069D51F599DE3002CECC3 /* LaunchScreen.storyboard */; };
/* End PBXBuildFile section */

/* Begin PBXFileReference section */
		492069C61F599DE3002CECC3 /* PramCoreData.app */ = {isa = PBXFileReference; explicitFileType = wrapper.application; includeInIndex = 0; path = PramCoreData.app; sourceTree = BUILT_PRODUCTS_DIR; };
		492069C91F599DE3002CECC3 /* AppDelegate.swift */ = {isa = PBXFileReference; lastKnownFileType = sourcecode.swift; path = AppDelegate.swift; sourceTree = "<group>"; };
		492069CB1F599DE3002CECC3 /* ViewController.swift */ = {isa = PBXFileReference; lastKnownFileType = sourcecode.swift; path = ViewController.swift; sourceTree = "<group>"; };
		492069CE1F599DE3002CECC3 /* Base */ = {isa = PBXFileReference; lastKnownFileType = file.storyboard; name = Base; path = Base.lproj/Main.storyboard; sourceTree = "<group>"; };
		492069D11F599DE3002CECC3 /* PramCoreData.xcdatamodel */ = {isa = PBXFileReference; lastKnownFileType = wrapper.xcdatamodel; path = PramCoreData.xcdatamodel; sourceTree = "<group>"; };
		492069D31F599DE3002CECC3 /* Assets.xcassets */ = {isa = PBXFileReference; lastKnownFileType = folder.assetcatalog; path = Assets.xcassets; sourceTree = "<group>"; };
		492069D61F599DE3002CECC3 /* Base */ = {isa = PBXFileReference; lastKnownFileType = file.storyboard; name = Base; path = Base.lproj/LaunchScreen.storyboard; sourceTree = "<group>"; };
		492069D81F599DE3002CECC3 /* Info.plist */ = {isa = PBXFileReference; lastKnownFileType = text.plist.xml; path = Info.plist; sourceTree = "<group>"; };
/* End PBXFileReference section */

/* Begin PBXFrameworksBuildPhase section */
		492069C31F599DE3002CECC3 /* Frameworks */ = {
			isa = PBXFrameworksBuildPhase;
			buildActionMask = 2147483647;
			files = (
			);
			runOnlyForDeploymentPostprocessing = 0;
		};
/* End PBXFrameworksBuildPhase section */

/* Begin PBXGroup section */
		492069BD1F599DE3002CECC3 = {
			isa = PBXGroup;
			children = (
				492069C81F599DE3002CECC3 /* PramCoreData */,
				492069C71F599DE3002CECC3 /* Products */,
			);
			sourceTree = "<group>";
		};
		492069C71F599DE3002CECC3 /* Products */ = {
			isa = PBXGroup;
			children = (
				492069C61F599DE3002CECC3 /* PramCoreData.app */,
			);
			name = Products;
			sourceTree = "<group>";
		};
		492069C81F599DE3002CECC3 /* PramCoreData */ = {
			isa = PBXGroup;
			children = (
				492069C91F599DE3002CECC3 /* AppDelegate.swift */,
				492069CB1F599DE3002CECC3 /* ViewController.swift */,
				492069CD1F599DE3002CECC3 /* Main.storyboard */,
				492069D31F599DE3002CECC3 /* Assets.xcassets */,
				492069D51F599DE3002CECC3 /* LaunchScreen.storyboard */,
				492069D81F599DE3002CECC3 /* Info.plist */,
				492069D01F599DE3002CECC3 /* PramCoreData.xcdatamodeld */,
			);
			path = PramCoreData;
			sourceTree = "<group>";
		};
/* End PBXGroup section */

/* Begin PBXNativeTarget section */
		492069C51F599DE3002CECC3 /* PramCoreData */ = {
			isa = PBXNativeTarget;
			buildConfigurationList = 492069DB1F599DE3002CECC3 /* Build configuration list for PBXNativeTarget "PramCoreData" */;
			buildPhases = (
				492069C21F599DE3002CECC3 /* Sources */,
				492069C31F599DE3002CECC3 /* Frameworks */,
				492069C41F599DE3002CECC3 /* Resources */,
			);
			buildRules = (
			);
			dependencies = (
			);
			name = PramCoreData;
			productName = PramCoreData;
			productReference = 492069C61F599DE3002CECC3 /* PramCoreData.app */;
			productType = "com.apple.product-type.application";
		};
/* End PBXNativeTarget section */

/* Begin PBXProject section */
		492069BE1F599DE3002CECC3 /* Project object */ = {
			isa = PBXProject;
			attributes = {
				LastSwiftUpdateCheck = 0830;
				LastUpgradeCheck = 0830;
				ORGANIZATIONNAME = "PRAMOD S";
				TargetAttributes = {
					492069C51F599DE3002CECC3 = {
						CreatedOnToolsVersion = 8.3.2;
						ProvisioningStyle = Automatic;
					};
				};
			};
			buildConfigurationList = 492069C11F599DE3002CECC3 /* Build configuration list for PBXProject "PramCoreData" */;
			compatibilityVersion = "Xcode 3.2";
			developmentRegion = English;
			hasScannedForEncodings = 0;
			knownRegions = (
				en,
				Base,
			);
			mainGroup = 492069BD1F599DE3002CECC3;
			productRefGroup = 492069C71F599DE3002CECC3 /* Products */;
			projectDirPath = "";
			projectRoot = "";
			targets = (
				492069C51F599DE3002CECC3 /* PramCoreData */,
			);
		};
/* End PBXProject section */

/* Begin PBXResourcesBuildPhase section */
		492069C41F599DE3002CECC3 /* Resources */ = {
			isa = PBXResourcesBuildPhase;
			buildActionMask = 2147483647;
			files = (
				492069D71F599DE3002CECC3 /* LaunchScreen.storyboard in Resources */,
				492069D41F599DE3002CECC3 /* Assets.xcassets in Resources */,
				492069CF1F599DE3002CECC3 /* Main.storyboard in Resources */,
			);
			runOnlyForDeploymentPostprocessing = 0;
		};
/* End PBXResourcesBuildPhase section */

/* Begin PBXSourcesBuildPhase section */
		492069C21F599DE3002CECC3 /* Sources */ = {
			isa = PBXSourcesBuildPhase;
			buildActionMask = 2147483647;
			files = (
				492069CC1F599DE3002CECC3 /* ViewController.swift in Sources */,
				492069D21F599DE3002CECC3 /* PramCoreData.xcdatamodeld in Sources */,
				492069CA1F599DE3002CECC3 /* AppDelegate.swift in Sources */,
			);
			runOnlyForDeploymentPostprocessing = 0;
		};
/* End PBXSourcesBuildPhase section */

/* Begin PBXVariantGroup section */
		492069CD1F599DE3002CECC3 /* Main.storyboard */ = {
			isa = PBXVariantGroup;
			children = (
				492069CE1F599DE3002CECC3 /* Base */,
			);
			name = Main.storyboard;
			sourceTree = "<group>";
		};
		492069D51F599DE3002CECC3 /* LaunchScreen.storyboard */ = {
			isa = PBXVariantGroup;
			children = (
				492069D61F599DE3002CECC3 /* Base */,
			);
			name = LaunchScreen.storyboard;
			sourceTree = "<group>";
		};
/* End PBXVariantGroup section */

/* Begin XCBuildConfiguration section */
		492069D91F599DE3002CECC3 /* Debug */ = {
			isa = XCBuildConfiguration;
			buildSettings = {
				ALWAYS_SEARCH_USER_PATHS = NO;
				CLANG_ANALYZER_NONNULL = YES;
				CLANG_ANALYZER_NUMBER_OBJECT_CONVERSION = YES_AGGRESSIVE;
				CLANG_CXX_LANGUAGE_STANDARD = "gnu++0x";
				CLANG_CXX_LIBRARY = "libc++";
				CLANG_ENABLE_MODULES = YES;
				CLANG_ENABLE_OBJC_ARC = YES;
				CLANG_WARN_BOOL_CONVERSION = YES;
				CLANG_WARN_CONSTANT_CONVERSION = YES;
				CLANG_WARN_DIRECT_OBJC_ISA_USAGE = YES_ERROR;
				CLANG_WARN_DOCUMENTATION_COMMENTS = YES;
				CLANG_WARN_EMPTY_BODY = YES;
				CLANG_WARN_ENUM_CONVERSION = YES;
				CLANG_WARN_INFINITE_RECURSION = YES;
				CLANG_WARN_INT_CONVERSION = YES;
				CLANG_WARN_OBJC_ROOT_CLASS = YES_ERROR;
				CLANG_WARN_SUSPICIOUS_MOVE = YES;
				CLANG_WARN_UNREACHABLE_CODE = YES;
				CLANG_WARN__DUPLICATE_METHOD_MATCH = YES;
				"CODE_SIGN_IDENTITY[sdk=iphoneos*]" = "iPhone Developer";
				COPY_PHASE_STRIP = NO;
				DEBUG_INFORMATION_FORMAT = dwarf;
				ENABLE_STRICT_OBJC_MSGSEND = YES;
				ENABLE_TESTABILITY = YES;
				GCC_C_LANGUAGE_STANDARD = gnu99;
				GCC_DYNAMIC_NO_PIC = NO;
				GCC_NO_COMMON_BLOCKS = YES;
				GCC_OPTIMIZATION_LEVEL = 0;
				GCC_PREPROCESSOR_DEFINITIONS = (
					"DEBUG=1",
					"$(inherited)",
				);
				GCC_WARN_64_TO_32_BIT_CONVERSION = YES;
				GCC_WARN_ABOUT_RETURN_TYPE = YES_ERROR;
				GCC_WARN_UNDECLARED_SELECTOR = YES;
				GCC_WARN_UNINITIALIZED_AUTOS = YES_AGGRESSIVE;
				GCC_WARN_UNUSED_FUNCTION = YES;
				GCC_WARN_UNUSED_VARIABLE = YES;
				IPHONEOS_DEPLOYMENT_TARGET = 10.3;
				MTL_ENABLE_DEBUG_INFO = YES;
				ONLY_ACTIVE_ARCH = YES;
				SDKROOT = iphoneos;
				SWIFT_ACTIVE_COMPILATION_CONDITIONS = DEBUG;
				SWIFT_OPTIMIZATION_LEVEL = "-Onone";
				TARGETED_DEVICE_FAMILY = "1,2";
			};
			name = Debug;
		};
		492069DA1F599DE3002CECC3 /* Release */ = {
			isa = XCBuildConfiguration;
			buildSettings = {
				ALWAYS_SEARCH_USER_PATHS = NO;
				CLANG_ANALYZER_NONNULL = YES;
				CLANG_ANALYZER_NUMBER_OBJECT_CONVERSION = YES_AGGRESSIVE;
				CLANG_CXX_LANGUAGE_STANDARD = "gnu++0x";
				CLANG_CXX_LIBRARY = "libc++";
				CLANG_ENABLE_MODULES = YES;
				CLANG_ENABLE_OBJC_ARC = YES;
				CLANG_WARN_BOOL_CONVERSION = YES;
				CLANG_WARN_CONSTANT_CONVERSION = YES;
				CLANG_WARN_DIRECT_OBJC_ISA_USAGE = YES_ERROR;
				CLANG_WARN_DOCUMENTATION_COMMENTS = YES;
				CLANG_WARN_EMPTY_BODY = YES;
				CLANG_WARN_ENUM_CONVERSION = YES;
				CLANG_WARN_INFINITE_RECURSION = YES;
				CLANG_WARN_INT_CONVERSION = YES;
				CLANG_WARN_OBJC_ROOT_CLASS = YES_ERROR;
				CLANG_WARN_SUSPICIOUS_MOVE = YES;
				CLANG_WARN_UNREACHABLE_CODE = YES;
				CLANG_WARN__DUPLICATE_METHOD_MATCH = YES;
				"CODE_SIGN_IDENTITY[sdk=iphoneos*]" = "iPhone Developer";
				COPY_PHASE_STRIP = NO;
				DEBUG_INFORMATION_FORMAT = "dwarf-with-dsym";
				ENABLE_NS_ASSERTIONS = NO;
				ENABLE_STRICT_OBJC_MSGSEND = YES;
				GCC_C_LANGUAGE_STANDARD = gnu99;
				GCC_NO_COMMON_BLOCKS = YES;
				GCC_WARN_64_TO_32_BIT_CONVERSION = YES;
				GCC_WARN_ABOUT_RETURN_TYPE = YES_ERROR;
				GCC_WARN_UNDECLARED_SELECTOR = YES;
				GCC_WARN_UNINITIALIZED_AUTOS = YES_AGGRESSIVE;
				GCC_WARN_UNUSED_FUNCTION = YES;
				GCC_WARN_UNUSED_VARIABLE = YES;
				IPHONEOS_DEPLOYMENT_TARGET = 10.3;
				MTL_ENABLE_DEBUG_INFO = NO;
				SDKROOT = iphoneos;
				SWIFT_OPTIMIZATION_LEVEL = "-Owholemodule";
				TARGETED_DEVICE_FAMILY = "1,2";
				VALIDATE_PRODUCT = YES;
			};
			name = Release;
		};
		492069DC1F599DE3002CECC3 /* Debug */ = {
			isa = XCBuildConfiguration;
			buildSettings = {
				ASSETCATALOG_COMPILER_APPICON_NAME = AppIcon;
				INFOPLIST_FILE = PramCoreData/Info.plist;
				LD_RUNPATH_SEARCH_PATHS = "$(inherited) @executable_path/Frameworks";
				PRODUCT_BUNDLE_IDENTIFIER = ymedia.PramCoreData;
				PRODUCT_NAME = "$(TARGET_NAME)";
				SWIFT_VERSION = 3.0;
			};
			name = Debug;
		};
		492069DD1F599DE3002CECC3 /* Release */ = {
			isa = XCBuildConfiguration;
			buildSettings = {
				ASSETCATALOG_COMPILER_APPICON_NAME = AppIcon;
				INFOPLIST_FILE = PramCoreData/Info.plist;
				LD_RUNPATH_SEARCH_PATHS = "$(inherited) @executable_path/Frameworks";
				PRODUCT_BUNDLE_IDENTIFIER = ymedia.PramCoreData;
				PRODUCT_NAME = "$(TARGET_NAME)";
				SWIFT_VERSION = 3.0;
			};
			name = Release;
		};
/* End XCBuildConfiguration section */

/* Begin XCConfigurationList section */
		492069C11F599DE3002CECC3 /* Build configuration list for PBXProject "PramCoreData" */ = {
			isa = XCConfigurationList;
			buildConfigurations = (
				492069D91F599DE3002CECC3 /* Debug */,
				492069DA1F599DE3002CECC3 /* Release */,
			);
			defaultConfigurationIsVisible = 0;
			defaultConfigurationName = Release;
		};
		492069DB1F599DE3002CECC3 /* Build configuration list for PBXNativeTarget "PramCoreData" */ = {
			isa = XCConfigurationList;
			buildConfigurations = (
				492069DC1F599DE3002CECC3 /* Debug */,
				492069DD1F599DE3002CECC3 /* Release */,
			);
			defaultConfigurationIsVisible = 0;
		};
/* End XCConfigurationList section */

/* Begin XCVersionGroup section */
		492069D01F599DE3002CECC3 /* PramCoreData.xcdatamodeld */ = {
			isa = XCVersionGroup;
			children = (
				492069D11F599DE3002CECC3 /* PramCoreData.xcdatamodel */,
			);
			currentVersion = 492069D11F599DE3002CECC3 /* PramCoreData.xcdatamodel */;
			path = PramCoreData.xcdatamodeld;
			sourceTree = "<group>";
			versionGroupType = wrapper.xcdatamodel;
		};
/* End XCVersionGroup section */
	};
	rootObject = 492069BE1F599DE3002CECC3 /* Project object */;
}
